github.com/bwmarrin/discordgo v0.19.0 h1:kMED/DB0NR1QhRcalb85w0Cu3Ep2OrGAqZH1R5awQiY=
github.com/bwmarrin/discordgo v0.19.0/go.mod h1:O9S4p+ofTFwB02em7jkpkV8M3R0/PUVOwN61zSZ0r4Q=
github.com/gorilla/websocket v1.4.0 h1:WDFjx/TMzVgy9VdMMQi2K2Emtwi2QcUQsztZ/zLaH/Q=
github.com/gorilla/websocket v1.4.0/go.mod h1:E7qHFY5m1UJ88s3WnNqhKjPHQ0heANvMoAMk2YaljkQ=
github.com/tidwall/btree v0.0.0-20170113224114-9876f1454cf0 h1:QnyrPZZvPmR0AtJCxxfCtI1qN+fYpKTKJ/5opWmZ34k=
github.com/tidwall/btree v0.0.0-20170113224114-9876f1454cf0/go.mod h1:huei1BkDWJ3/sLXmO+bsCNELL+Bp2Kks9OLyQFkzvA8=
github.com/tidwall/buntdb v1.1.0 h1:H6LzK59KiNjf1nHVPFrYj4Qnl8d8YLBsYamdL8N+Bao=
github.com/tidwall/buntdb v1.1.0/go.mod h1:Y39xhcDW10WlyYXeLgGftXVbjtM0QP+/kpz8xl9cbzE=
github.com/tidwall/gjson v1.2.1 h1:j0efZLrZUvNerEf6xqoi0NjWMK5YlLrR7Guo/dxY174=
github.com/tidwall/gjson v1.2.1/go.mod h1:c/nTNbUr0E0OrXEhq1pwa8iEgc2DOt4ZZqAt1HtCkPA=
github.com/tidwall/grect v0.0.0-20161006141115-ba9a043346eb h1:5NSYaAdrnblKByzd7XByQEJVT8+9v0W/tIY0Oo4OwrE=
github.com/tidwall/grect v0.0.0-20161006141115-ba9a043346eb/go.mod h1:lKYYLFIr9OIgdgrtgkZ9zgRxRdvPYsExnYBsEAd8W5M=
github.com/tidwall/match v1.0.1 h1:PnKP62LPNxHKTwvHHZZzdOAOCtsJTjo6dZLCwpKm5xc=
github.com/tidwall/match v1.0.1/go.mod h1:LujAq0jyVjBy028G1WhWfIzbpQfMO8bBZ6Tyb0+pL9E=
github.com/tidwall/pretty v1.0.0 h1:HsD+QiTn7sK6flMKIvNmpqz1qrpP3Ps6jOKIKMooyg4=
github.com/tidwall/pretty v1.0.0/go.mod h1:XNkn88O1ChpSDQmQeStsy+sBenx6DDtFZJxhVysOjyk=
github.com/tidwall/rtree v0.0.0-20180113144539-6cd427091e0e h1:+NL1GDIUOKxVfbp2KoJQD9cTQ6dyP2co9q4yzmT9FZo=
github.com/tidwall/rtree v0.0.0-20180113144539-6cd427091e0e/go.mod h1:/h+UnNGt0IhNNJLkGikcdcJqm66zGD/uJGMRxK/9+Ao=
github.com/tidwall/tinyqueue v0.0.0-20180302190814-1e39f5511563 h1:Otn9S136ELckZ3KKDyCkxapfufrqDqwmGjcHfAyXRrE=
github.com/tidwall/tinyqueue v0.0.0-20180302190814-1e39f5511563/go.mod h1:mLqSmt7Dv/CNneF2wfcChfN1rvapyQr01LGKnKex0DQ=
golang.org/x/crypto v0.0.0-20181030102418-4d3f4d9ffa16 h1:y6ce7gCWtnH+m3dCjzQ1PCuwl28DDIc3VNnvY29DlIA=
golang.org/x/crypto v0.0.0-20181030102418-4d3f4d9ffa16/go.mod h1:6SG95UA2DQfeDnfUPMdvaQW0Q7yPrPDi9nlGo2tz2b4=
